// !$*UTF8*$!
{
	archiveVersion = 1;
	classes = {
	};
	objectVersion = 54;
	objects = {

/* Begin PBXBuildFile section */
		1914E50C299F7CF9003811EC /* UnitsEnum.swift in Sources */ = {isa = PBXBuildFile; fileRef = 1914E50B299F7CF9003811EC /* UnitsEnum.swift */; };
		1914E50F299F8D99003811EC /* Themeable.swift in Sources */ = {isa = PBXBuildFile; fileRef = 1914E50E299F8D99003811EC /* Themeable.swift */; };
		1914E511299F8DB5003811EC /* ThemeProvider.swift in Sources */ = {isa = PBXBuildFile; fileRef = 1914E510299F8DB5003811EC /* ThemeProvider.swift */; };
		1914E513299F8DD8003811EC /* Theme.swift in Sources */ = {isa = PBXBuildFile; fileRef = 1914E512299F8DD8003811EC /* Theme.swift */; };
		1914E515299F8E23003811EC /* Styles.swift in Sources */ = {isa = PBXBuildFile; fileRef = 1914E514299F8E23003811EC /* Styles.swift */; };
		19CBA1A2299E364300DC36FC /* HelveticaNeueCyr-Medium.ttf in Resources */ = {isa = PBXBuildFile; fileRef = 19CBA1A0299E364300DC36FC /* HelveticaNeueCyr-Medium.ttf */; };
		19CBA1A3299E364300DC36FC /* Helvetica Neue Condensed Bold.ttf in Resources */ = {isa = PBXBuildFile; fileRef = 19CBA1A1299E364300DC36FC /* Helvetica Neue Condensed Bold.ttf */; };
		19CBA1A8299E3D3100DC36FC /* UserDefaultsService.swift in Sources */ = {isa = PBXBuildFile; fileRef = 19CBA1A7299E3D3100DC36FC /* UserDefaultsService.swift */; };
		19D1447029950EEA00E45916 /* AppDelegate.swift in Sources */ = {isa = PBXBuildFile; fileRef = 19D1446F29950EEA00E45916 /* AppDelegate.swift */; };
		19D1447229950EEA00E45916 /* SceneDelegate.swift in Sources */ = {isa = PBXBuildFile; fileRef = 19D1447129950EEA00E45916 /* SceneDelegate.swift */; };
		19D1447929950EEB00E45916 /* Assets.xcassets in Resources */ = {isa = PBXBuildFile; fileRef = 19D1447829950EEB00E45916 /* Assets.xcassets */; };
		19D1447C29950EEB00E45916 /* LaunchScreen.storyboard in Resources */ = {isa = PBXBuildFile; fileRef = 19D1447A29950EEB00E45916 /* LaunchScreen.storyboard */; };
		19D1448529951AAF00E45916 /* Main.storyboard in Resources */ = {isa = PBXBuildFile; fileRef = 19D1448429951AAF00E45916 /* Main.storyboard */; };
		19D14490299A0D2E00E45916 /* Constants.swift in Sources */ = {isa = PBXBuildFile; fileRef = 19D1448F299A0D2E00E45916 /* Constants.swift */; };
		19D14492299A0DA100E45916 /* SpeedometerView.swift in Sources */ = {isa = PBXBuildFile; fileRef = 19D14491299A0DA100E45916 /* SpeedometerView.swift */; };
		19D14495299A0FAB00E45916 /* Units.swift in Sources */ = {isa = PBXBuildFile; fileRef = 19D14494299A0FAB00E45916 /* Units.swift */; };
		19D14498299A23A400E45916 /* CGContext+Extension.swift in Sources */ = {isa = PBXBuildFile; fileRef = 19D14497299A23A400E45916 /* CGContext+Extension.swift */; };
		19D1449C299A31AF00E45916 /* MainViewController.swift in Sources */ = {isa = PBXBuildFile; fileRef = 19D1449B299A31AF00E45916 /* MainViewController.swift */; };
		19D1449E299A413700E45916 /* SettingsViewController.swift in Sources */ = {isa = PBXBuildFile; fileRef = 19D1449D299A413700E45916 /* SettingsViewController.swift */; };
		19D144A0299A468600E45916 /* MainTabBarController.swift in Sources */ = {isa = PBXBuildFile; fileRef = 19D1449F299A468600E45916 /* MainTabBarController.swift */; };
		19D144A2299A50EF00E45916 /* DigitalSpeedometerView.swift in Sources */ = {isa = PBXBuildFile; fileRef = 19D144A1299A50EF00E45916 /* DigitalSpeedometerView.swift */; };
		19D144AF299A738800E45916 /* NetworkService.swift in Sources */ = {isa = PBXBuildFile; fileRef = 19D144AE299A738800E45916 /* NetworkService.swift */; };
		19D144B2299A740900E45916 /* WeatherModel.swift in Sources */ = {isa = PBXBuildFile; fileRef = 19D144B1299A740900E45916 /* WeatherModel.swift */; };
		19D144B5299A80E700E45916 /* MainPresenter.swift in Sources */ = {isa = PBXBuildFile; fileRef = 19D144B4299A80E700E45916 /* MainPresenter.swift */; };
		19D144B9299B953C00E45916 /* SQLiteDatabaseService.swift in Sources */ = {isa = PBXBuildFile; fileRef = 19D144B8299B953C00E45916 /* SQLiteDatabaseService.swift */; };
		19D144BB299B982900E45916 /* DBRecord.swift in Sources */ = {isa = PBXBuildFile; fileRef = 19D144BA299B982900E45916 /* DBRecord.swift */; };
		426E1D18701A40DCC8D46D76 /* Pods_rit_test.framework in Frameworks */ = {isa = PBXBuildFile; fileRef = 3F515D846F1DDFA1AAE151EE /* Pods_rit_test.framework */; };
/* End PBXBuildFile section */

/* Begin PBXFileReference section */
		1914E50B299F7CF9003811EC /* UnitsEnum.swift */ = {isa = PBXFileReference; lastKnownFileType = sourcecode.swift; path = UnitsEnum.swift; sourceTree = "<group>"; };
		1914E50E299F8D99003811EC /* Themeable.swift */ = {isa = PBXFileReference; lastKnownFileType = sourcecode.swift; path = Themeable.swift; sourceTree = "<group>"; };
		1914E510299F8DB5003811EC /* ThemeProvider.swift */ = {isa = PBXFileReference; lastKnownFileType = sourcecode.swift; path = ThemeProvider.swift; sourceTree = "<group>"; };
		1914E512299F8DD8003811EC /* Theme.swift */ = {isa = PBXFileReference; lastKnownFileType = sourcecode.swift; path = Theme.swift; sourceTree = "<group>"; };
		1914E514299F8E23003811EC /* Styles.swift */ = {isa = PBXFileReference; lastKnownFileType = sourcecode.swift; path = Styles.swift; sourceTree = "<group>"; };
		19CBA1A0299E364300DC36FC /* HelveticaNeueCyr-Medium.ttf */ = {isa = PBXFileReference; lastKnownFileType = file; path = "HelveticaNeueCyr-Medium.ttf"; sourceTree = "<group>"; };
		19CBA1A1299E364300DC36FC /* Helvetica Neue Condensed Bold.ttf */ = {isa = PBXFileReference; lastKnownFileType = file; path = "Helvetica Neue Condensed Bold.ttf"; sourceTree = "<group>"; };
		19CBA1A7299E3D3100DC36FC /* UserDefaultsService.swift */ = {isa = PBXFileReference; lastKnownFileType = sourcecode.swift; path = UserDefaultsService.swift; sourceTree = "<group>"; };
		19D1446C29950EEA00E45916 /* rit-test.app */ = {isa = PBXFileReference; explicitFileType = wrapper.application; includeInIndex = 0; path = "rit-test.app"; sourceTree = BUILT_PRODUCTS_DIR; };
		19D1446F29950EEA00E45916 /* AppDelegate.swift */ = {isa = PBXFileReference; lastKnownFileType = sourcecode.swift; path = AppDelegate.swift; sourceTree = "<group>"; };
		19D1447129950EEA00E45916 /* SceneDelegate.swift */ = {isa = PBXFileReference; lastKnownFileType = sourcecode.swift; path = SceneDelegate.swift; sourceTree = "<group>"; };
		19D1447829950EEB00E45916 /* Assets.xcassets */ = {isa = PBXFileReference; lastKnownFileType = folder.assetcatalog; path = Assets.xcassets; sourceTree = "<group>"; };
		19D1447B29950EEB00E45916 /* Base */ = {isa = PBXFileReference; lastKnownFileType = file.storyboard; name = Base; path = Base.lproj/LaunchScreen.storyboard; sourceTree = "<group>"; };
		19D1447D29950EEB00E45916 /* Info.plist */ = {isa = PBXFileReference; lastKnownFileType = text.plist.xml; path = Info.plist; sourceTree = "<group>"; };
		19D1448429951AAF00E45916 /* Main.storyboard */ = {isa = PBXFileReference; lastKnownFileType = file.storyboard; path = Main.storyboard; sourceTree = "<group>"; };
		19D1448F299A0D2E00E45916 /* Constants.swift */ = {isa = PBXFileReference; lastKnownFileType = sourcecode.swift; path = Constants.swift; sourceTree = "<group>"; };
		19D14491299A0DA100E45916 /* SpeedometerView.swift */ = {isa = PBXFileReference; lastKnownFileType = sourcecode.swift; path = SpeedometerView.swift; sourceTree = "<group>"; };
		19D14494299A0FAB00E45916 /* Units.swift */ = {isa = PBXFileReference; lastKnownFileType = sourcecode.swift; path = Units.swift; sourceTree = "<group>"; };
		19D14497299A23A400E45916 /* CGContext+Extension.swift */ = {isa = PBXFileReference; lastKnownFileType = sourcecode.swift; path = "CGContext+Extension.swift"; sourceTree = "<group>"; };
		19D1449B299A31AF00E45916 /* MainViewController.swift */ = {isa = PBXFileReference; lastKnownFileType = sourcecode.swift; path = MainViewController.swift; sourceTree = "<group>"; };
		19D1449D299A413700E45916 /* SettingsViewController.swift */ = {isa = PBXFileReference; lastKnownFileType = sourcecode.swift; path = SettingsViewController.swift; sourceTree = "<group>"; };
		19D1449F299A468600E45916 /* MainTabBarController.swift */ = {isa = PBXFileReference; lastKnownFileType = sourcecode.swift; path = MainTabBarController.swift; sourceTree = "<group>"; };
		19D144A1299A50EF00E45916 /* DigitalSpeedometerView.swift */ = {isa = PBXFileReference; lastKnownFileType = sourcecode.swift; path = DigitalSpeedometerView.swift; sourceTree = "<group>"; };
		19D144AE299A738800E45916 /* NetworkService.swift */ = {isa = PBXFileReference; lastKnownFileType = sourcecode.swift; path = NetworkService.swift; sourceTree = "<group>"; };
		19D144B1299A740900E45916 /* WeatherModel.swift */ = {isa = PBXFileReference; lastKnownFileType = sourcecode.swift; path = WeatherModel.swift; sourceTree = "<group>"; };
		19D144B4299A80E700E45916 /* MainPresenter.swift */ = {isa = PBXFileReference; lastKnownFileType = sourcecode.swift; path = MainPresenter.swift; sourceTree = "<group>"; };
		19D144B8299B953C00E45916 /* SQLiteDatabaseService.swift */ = {isa = PBXFileReference; lastKnownFileType = sourcecode.swift; path = SQLiteDatabaseService.swift; sourceTree = "<group>"; };
		19D144BA299B982900E45916 /* DBRecord.swift */ = {isa = PBXFileReference; lastKnownFileType = sourcecode.swift; path = DBRecord.swift; sourceTree = "<group>"; };
		3F515D846F1DDFA1AAE151EE /* Pods_rit_test.framework */ = {isa = PBXFileReference; explicitFileType = wrapper.framework; includeInIndex = 0; path = Pods_rit_test.framework; sourceTree = BUILT_PRODUCTS_DIR; };
		D3A5217370FF2D5E9AFEB691 /* Pods-rit-test.debug.xcconfig */ = {isa = PBXFileReference; includeInIndex = 1; lastKnownFileType = text.xcconfig; name = "Pods-rit-test.debug.xcconfig"; path = "Target Support Files/Pods-rit-test/Pods-rit-test.debug.xcconfig"; sourceTree = "<group>"; };
		EEB27FD2D30C9D66F468E47F /* Pods-rit-test.release.xcconfig */ = {isa = PBXFileReference; includeInIndex = 1; lastKnownFileType = text.xcconfig; name = "Pods-rit-test.release.xcconfig"; path = "Target Support Files/Pods-rit-test/Pods-rit-test.release.xcconfig"; sourceTree = "<group>"; };
/* End PBXFileReference section */

/* Begin PBXFrameworksBuildPhase section */
		19D1446929950EEA00E45916 /* Frameworks */ = {
			isa = PBXFrameworksBuildPhase;
			buildActionMask = 2147483647;
			files = (
				426E1D18701A40DCC8D46D76 /* Pods_rit_test.framework in Frameworks */,
			);
			runOnlyForDeploymentPostprocessing = 0;
		};
/* End PBXFrameworksBuildPhase section */

/* Begin PBXGroup section */
		1914E50D299F8D8E003811EC /* Theme */ = {
			isa = PBXGroup;
			children = (
				1914E50E299F8D99003811EC /* Themeable.swift */,
				1914E510299F8DB5003811EC /* ThemeProvider.swift */,
				1914E512299F8DD8003811EC /* Theme.swift */,
				1914E514299F8E23003811EC /* Styles.swift */,
			);
			path = Theme;
			sourceTree = "<group>";
		};
		19D1446329950EEA00E45916 = {
			isa = PBXGroup;
			children = (
				19D1446E29950EEA00E45916 /* rit-test */,
				19D1446D29950EEA00E45916 /* Products */,
				E9E64A62C17CFFE03A670464 /* Pods */,
				4267704067BDDEA7DFDFBCDE /* Frameworks */,
			);
			sourceTree = "<group>";
		};
		19D1446D29950EEA00E45916 /* Products */ = {
			isa = PBXGroup;
			children = (
				19D1446C29950EEA00E45916 /* rit-test.app */,
			);
			name = Products;
			sourceTree = "<group>";
		};
		19D1446E29950EEA00E45916 /* rit-test */ = {
			isa = PBXGroup;
			children = (
				1914E50D299F8D8E003811EC /* Theme */,
				19D144B3299A80B600E45916 /* Presenter */,
				19D144A8299A725F00E45916 /* DataLayer */,
				19D144A3299A524A00E45916 /* Fonts */,
				19D14499299A30F700E45916 /* View */,
				19D14496299A239000E45916 /* Extensions */,
				19D1448F299A0D2E00E45916 /* Constants.swift */,
				19D14494299A0FAB00E45916 /* Units.swift */,
				19D144832995165D00E45916 /* App */,
				19D1447A29950EEB00E45916 /* LaunchScreen.storyboard */,
				19D1448429951AAF00E45916 /* Main.storyboard */,
				19D1447D29950EEB00E45916 /* Info.plist */,
			);
			path = "rit-test";
			sourceTree = "<group>";
		};
		19D144832995165D00E45916 /* App */ = {
			isa = PBXGroup;
			children = (
				19D1447829950EEB00E45916 /* Assets.xcassets */,
				19D1447129950EEA00E45916 /* SceneDelegate.swift */,
				19D1446F29950EEA00E45916 /* AppDelegate.swift */,
			);
			path = App;
			sourceTree = "<group>";
		};
		19D1448E299A0C6800E45916 /* Custom */ = {
			isa = PBXGroup;
			children = (
				19D14491299A0DA100E45916 /* SpeedometerView.swift */,
				19D144A1299A50EF00E45916 /* DigitalSpeedometerView.swift */,
			);
			path = Custom;
			sourceTree = "<group>";
		};
		19D14496299A239000E45916 /* Extensions */ = {
			isa = PBXGroup;
			children = (
				19D14497299A23A400E45916 /* CGContext+Extension.swift */,
			);
			path = Extensions;
			sourceTree = "<group>";
		};
		19D14499299A30F700E45916 /* View */ = {
			isa = PBXGroup;
			children = (
				19D1449A299A318D00E45916 /* Scenes */,
				19D1448E299A0C6800E45916 /* Custom */,
			);
			path = View;
			sourceTree = "<group>";
		};
		19D1449A299A318D00E45916 /* Scenes */ = {
			isa = PBXGroup;
			children = (
				19D1449B299A31AF00E45916 /* MainViewController.swift */,
				19D1449D299A413700E45916 /* SettingsViewController.swift */,
				19D1449F299A468600E45916 /* MainTabBarController.swift */,
			);
			path = Scenes;
			sourceTree = "<group>";
		};
		19D144A3299A524A00E45916 /* Fonts */ = {
			isa = PBXGroup;
			children = (
				19CBA1A1299E364300DC36FC /* Helvetica Neue Condensed Bold.ttf */,
				19CBA1A0299E364300DC36FC /* HelveticaNeueCyr-Medium.ttf */,
			);
			path = Fonts;
			sourceTree = "<group>";
		};
		19D144A8299A725F00E45916 /* DataLayer */ = {
			isa = PBXGroup;
			children = (
				19D144B0299A73F400E45916 /* DataModel */,
				19D144AB299A727D00E45916 /* Repositories */,
			);
			path = DataLayer;
			sourceTree = "<group>";
		};
		19D144AB299A727D00E45916 /* Repositories */ = {
			isa = PBXGroup;
			children = (
				19D144AD299A728600E45916 /* Remote */,
				19D144AC299A728200E45916 /* Local */,
			);
			path = Repositories;
			sourceTree = "<group>";
		};
		19D144AC299A728200E45916 /* Local */ = {
			isa = PBXGroup;
			children = (
				19D144B8299B953C00E45916 /* SQLiteDatabaseService.swift */,
				19CBA1A7299E3D3100DC36FC /* UserDefaultsService.swift */,
			);
			path = Local;
			sourceTree = "<group>";
		};
		19D144AD299A728600E45916 /* Remote */ = {
			isa = PBXGroup;
			children = (
				19D144AE299A738800E45916 /* NetworkService.swift */,
			);
			path = Remote;
			sourceTree = "<group>";
		};
		19D144B0299A73F400E45916 /* DataModel */ = {
			isa = PBXGroup;
			children = (
				19D144B1299A740900E45916 /* WeatherModel.swift */,
				19D144BA299B982900E45916 /* DBRecord.swift */,
				1914E50B299F7CF9003811EC /* UnitsEnum.swift */,
			);
			path = DataModel;
			sourceTree = "<group>";
		};
		19D144B3299A80B600E45916 /* Presenter */ = {
			isa = PBXGroup;
			children = (
				19D144B4299A80E700E45916 /* MainPresenter.swift */,
			);
			path = Presenter;
			sourceTree = "<group>";
		};
		4267704067BDDEA7DFDFBCDE /* Frameworks */ = {
			isa = PBXGroup;
			children = (
				3F515D846F1DDFA1AAE151EE /* Pods_rit_test.framework */,
			);
			name = Frameworks;
			sourceTree = "<group>";
		};
		E9E64A62C17CFFE03A670464 /* Pods */ = {
			isa = PBXGroup;
			children = (
				D3A5217370FF2D5E9AFEB691 /* Pods-rit-test.debug.xcconfig */,
				EEB27FD2D30C9D66F468E47F /* Pods-rit-test.release.xcconfig */,
			);
			path = Pods;
			sourceTree = "<group>";
		};
/* End PBXGroup section */

/* Begin PBXNativeTarget section */
		19D1446B29950EEA00E45916 /* rit-test */ = {
			isa = PBXNativeTarget;
			buildConfigurationList = 19D1448029950EEB00E45916 /* Build configuration list for PBXNativeTarget "rit-test" */;
			buildPhases = (
				C91B5DFC40D23744BB0F33EF /* [CP] Check Pods Manifest.lock */,
				19D1446829950EEA00E45916 /* Sources */,
				19D1446929950EEA00E45916 /* Frameworks */,
				19D1446A29950EEA00E45916 /* Resources */,
				584332DC47488A322AD7C73C /* [CP] Embed Pods Frameworks */,
			);
			buildRules = (
			);
			dependencies = (
			);
			name = "rit-test";
			productName = "rit-test";
			productReference = 19D1446C29950EEA00E45916 /* rit-test.app */;
			productType = "com.apple.product-type.application";
		};
/* End PBXNativeTarget section */

/* Begin PBXProject section */
		19D1446429950EEA00E45916 /* Project object */ = {
			isa = PBXProject;
			attributes = {
				BuildIndependentTargetsInParallel = 1;
				LastSwiftUpdateCheck = 1420;
				LastUpgradeCheck = 1420;
				TargetAttributes = {
					19D1446B29950EEA00E45916 = {
						CreatedOnToolsVersion = 14.2;
					};
				};
			};
			buildConfigurationList = 19D1446729950EEA00E45916 /* Build configuration list for PBXProject "rit-test" */;
			compatibilityVersion = "Xcode 12.0";
			developmentRegion = en;
			hasScannedForEncodings = 0;
			knownRegions = (
				en,
				Base,
			);
			mainGroup = 19D1446329950EEA00E45916;
			productRefGroup = 19D1446D29950EEA00E45916 /* Products */;
			projectDirPath = "";
			projectRoot = "";
			targets = (
				19D1446B29950EEA00E45916 /* rit-test */,
			);
		};
/* End PBXProject section */

/* Begin PBXResourcesBuildPhase section */
		19D1446A29950EEA00E45916 /* Resources */ = {
			isa = PBXResourcesBuildPhase;
			buildActionMask = 2147483647;
			files = (
				19D1448529951AAF00E45916 /* Main.storyboard in Resources */,
				19CBA1A2299E364300DC36FC /* HelveticaNeueCyr-Medium.ttf in Resources */,
				19D1447C29950EEB00E45916 /* LaunchScreen.storyboard in Resources */,
				19D1447929950EEB00E45916 /* Assets.xcassets in Resources */,
				19CBA1A3299E364300DC36FC /* Helvetica Neue Condensed Bold.ttf in Resources */,
			);
			runOnlyForDeploymentPostprocessing = 0;
		};
/* End PBXResourcesBuildPhase section */

/* Begin PBXShellScriptBuildPhase section */
		584332DC47488A322AD7C73C /* [CP] Embed Pods Frameworks */ = {
			isa = PBXShellScriptBuildPhase;
			buildActionMask = 2147483647;
			files = (
			);
			inputFileListPaths = (
				"${PODS_ROOT}/Target Support Files/Pods-rit-test/Pods-rit-test-frameworks-${CONFIGURATION}-input-files.xcfilelist",
			);
			name = "[CP] Embed Pods Frameworks";
			outputFileListPaths = (
				"${PODS_ROOT}/Target Support Files/Pods-rit-test/Pods-rit-test-frameworks-${CONFIGURATION}-output-files.xcfilelist",
			);
			runOnlyForDeploymentPostprocessing = 0;
			shellPath = /bin/sh;
			shellScript = "\"${PODS_ROOT}/Target Support Files/Pods-rit-test/Pods-rit-test-frameworks.sh\"\n";
			showEnvVarsInLog = 0;
		};
		C91B5DFC40D23744BB0F33EF /* [CP] Check Pods Manifest.lock */ = {
			isa = PBXShellScriptBuildPhase;
			buildActionMask = 2147483647;
			files = (
			);
			inputFileListPaths = (
			);
			inputPaths = (
				"${PODS_PODFILE_DIR_PATH}/Podfile.lock",
				"${PODS_ROOT}/Manifest.lock",
			);
			name = "[CP] Check Pods Manifest.lock";
			outputFileListPaths = (
			);
			outputPaths = (
				"$(DERIVED_FILE_DIR)/Pods-rit-test-checkManifestLockResult.txt",
			);
			runOnlyForDeploymentPostprocessing = 0;
			shellPath = /bin/sh;
			shellScript = "diff \"${PODS_PODFILE_DIR_PATH}/Podfile.lock\" \"${PODS_ROOT}/Manifest.lock\" > /dev/null\nif [ $? != 0 ] ; then\n    # print error to STDERR\n    echo \"error: The sandbox is not in sync with the Podfile.lock. Run 'pod install' or update your CocoaPods installation.\" >&2\n    exit 1\nfi\n# This output is used by Xcode 'outputs' to avoid re-running this script phase.\necho \"SUCCESS\" > \"${SCRIPT_OUTPUT_FILE_0}\"\n";
			showEnvVarsInLog = 0;
		};
/* End PBXShellScriptBuildPhase section */

/* Begin PBXSourcesBuildPhase section */
		19D1446829950EEA00E45916 /* Sources */ = {
			isa = PBXSourcesBuildPhase;
			buildActionMask = 2147483647;
			files = (
				1914E50C299F7CF9003811EC /* UnitsEnum.swift in Sources */,
				19D144BB299B982900E45916 /* DBRecord.swift in Sources */,
				19D144AF299A738800E45916 /* NetworkService.swift in Sources */,
				19D1449C299A31AF00E45916 /* MainViewController.swift in Sources */,
				19D14492299A0DA100E45916 /* SpeedometerView.swift in Sources */,
				1914E50F299F8D99003811EC /* Themeable.swift in Sources */,
				19D144A0299A468600E45916 /* MainTabBarController.swift in Sources */,
				19D1447029950EEA00E45916 /* AppDelegate.swift in Sources */,
				19D1447229950EEA00E45916 /* SceneDelegate.swift in Sources */,
				19D144B5299A80E700E45916 /* MainPresenter.swift in Sources */,
				19D144A2299A50EF00E45916 /* DigitalSpeedometerView.swift in Sources */,
				19CBA1A8299E3D3100DC36FC /* UserDefaultsService.swift in Sources */,
				19D14495299A0FAB00E45916 /* Units.swift in Sources */,
				19D14490299A0D2E00E45916 /* Constants.swift in Sources */,
				19D144B9299B953C00E45916 /* SQLiteDatabaseService.swift in Sources */,
				1914E515299F8E23003811EC /* Styles.swift in Sources */,
				19D14498299A23A400E45916 /* CGContext+Extension.swift in Sources */,
				1914E511299F8DB5003811EC /* ThemeProvider.swift in Sources */,
				1914E513299F8DD8003811EC /* Theme.swift in Sources */,
				19D144B2299A740900E45916 /* WeatherModel.swift in Sources */,
				19D1449E299A413700E45916 /* SettingsViewController.swift in Sources */,
			);
			runOnlyForDeploymentPostprocessing = 0;
		};
/* End PBXSourcesBuildPhase section */

/* Begin PBXVariantGroup section */
		19D1447A29950EEB00E45916 /* LaunchScreen.storyboard */ = {
			isa = PBXVariantGroup;
			children = (
				19D1447B29950EEB00E45916 /* Base */,
			);
			name = LaunchScreen.storyboard;
			sourceTree = "<group>";
		};
/* End PBXVariantGroup section */

/* Begin XCBuildConfiguration section */
		19D1447E29950EEB00E45916 /* Debug */ = {
			isa = XCBuildConfiguration;
			buildSettings = {
				ALWAYS_SEARCH_USER_PATHS = NO;
				CLANG_ANALYZER_NONNULL = YES;
				CLANG_ANALYZER_NUMBER_OBJECT_CONVERSION = YES_AGGRESSIVE;
				CLANG_CXX_LANGUAGE_STANDARD = "gnu++20";
				CLANG_ENABLE_MODULES = YES;
				CLANG_ENABLE_OBJC_ARC = YES;
				CLANG_ENABLE_OBJC_WEAK = YES;
				CLANG_WARN_BLOCK_CAPTURE_AUTORELEASING = YES;
				CLANG_WARN_BOOL_CONVERSION = YES;
				CLANG_WARN_COMMA = YES;
				CLANG_WARN_CONSTANT_CONVERSION = YES;
				CLANG_WARN_DEPRECATED_OBJC_IMPLEMENTATIONS = YES;
				CLANG_WARN_DIRECT_OBJC_ISA_USAGE = YES_ERROR;
				CLANG_WARN_DOCUMENTATION_COMMENTS = YES;
				CLANG_WARN_EMPTY_BODY = YES;
				CLANG_WARN_ENUM_CONVERSION = YES;
				CLANG_WARN_INFINITE_RECURSION = YES;
				CLANG_WARN_INT_CONVERSION = YES;
				CLANG_WARN_NON_LITERAL_NULL_CONVERSION = YES;
				CLANG_WARN_OBJC_IMPLICIT_RETAIN_SELF = YES;
				CLANG_WARN_OBJC_LITERAL_CONVERSION = YES;
				CLANG_WARN_OBJC_ROOT_CLASS = YES_ERROR;
				CLANG_WARN_QUOTED_INCLUDE_IN_FRAMEWORK_HEADER = YES;
				CLANG_WARN_RANGE_LOOP_ANALYSIS = YES;
				CLANG_WARN_STRICT_PROTOTYPES = YES;
				CLANG_WARN_SUSPICIOUS_MOVE = YES;
				CLANG_WARN_UNGUARDED_AVAILABILITY = YES_AGGRESSIVE;
				CLANG_WARN_UNREACHABLE_CODE = YES;
				CLANG_WARN__DUPLICATE_METHOD_MATCH = YES;
				COPY_PHASE_STRIP = NO;
				DEBUG_INFORMATION_FORMAT = dwarf;
				ENABLE_STRICT_OBJC_MSGSEND = YES;
				ENABLE_TESTABILITY = YES;
				GCC_C_LANGUAGE_STANDARD = gnu11;
				GCC_DYNAMIC_NO_PIC = NO;
				GCC_NO_COMMON_BLOCKS = YES;
				GCC_OPTIMIZATION_LEVEL = 0;
				GCC_PREPROCESSOR_DEFINITIONS = (
					"DEBUG=1",
					"$(inherited)",
				);
				GCC_WARN_64_TO_32_BIT_CONVERSION = YES;
				GCC_WARN_ABOUT_RETURN_TYPE = YES_ERROR;
				GCC_WARN_UNDECLARED_SELECTOR = YES;
				GCC_WARN_UNINITIALIZED_AUTOS = YES_AGGRESSIVE;
				GCC_WARN_UNUSED_FUNCTION = YES;
				GCC_WARN_UNUSED_VARIABLE = YES;
				IPHONEOS_DEPLOYMENT_TARGET = 12.0;
				MTL_ENABLE_DEBUG_INFO = INCLUDE_SOURCE;
				MTL_FAST_MATH = YES;
				ONLY_ACTIVE_ARCH = YES;
				SDKROOT = iphoneos;
				SWIFT_ACTIVE_COMPILATION_CONDITIONS = DEBUG;
				SWIFT_OPTIMIZATION_LEVEL = "-Onone";
			};
			name = Debug;
		};
		19D1447F29950EEB00E45916 /* Release */ = {
			isa = XCBuildConfiguration;
			buildSettings = {
				ALWAYS_SEARCH_USER_PATHS = NO;
				CLANG_ANALYZER_NONNULL = YES;
				CLANG_ANALYZER_NUMBER_OBJECT_CONVERSION = YES_AGGRESSIVE;
				CLANG_CXX_LANGUAGE_STANDARD = "gnu++20";
				CLANG_ENABLE_MODULES = YES;
				CLANG_ENABLE_OBJC_ARC = YES;
				CLANG_ENABLE_OBJC_WEAK = YES;
				CLANG_WARN_BLOCK_CAPTURE_AUTORELEASING = YES;
				CLANG_WARN_BOOL_CONVERSION = YES;
				CLANG_WARN_COMMA = YES;
				CLANG_WARN_CONSTANT_CONVERSION = YES;
				CLANG_WARN_DEPRECATED_OBJC_IMPLEMENTATIONS = YES;
				CLANG_WARN_DIRECT_OBJC_ISA_USAGE = YES_ERROR;
				CLANG_WARN_DOCUMENTATION_COMMENTS = YES;
				CLANG_WARN_EMPTY_BODY = YES;
				CLANG_WARN_ENUM_CONVERSION = YES;
				CLANG_WARN_INFINITE_RECURSION = YES;
				CLANG_WARN_INT_CONVERSION = YES;
				CLANG_WARN_NON_LITERAL_NULL_CONVERSION = YES;
				CLANG_WARN_OBJC_IMPLICIT_RETAIN_SELF = YES;
				CLANG_WARN_OBJC_LITERAL_CONVERSION = YES;
				CLANG_WARN_OBJC_ROOT_CLASS = YES_ERROR;
				CLANG_WARN_QUOTED_INCLUDE_IN_FRAMEWORK_HEADER = YES;
				CLANG_WARN_RANGE_LOOP_ANALYSIS = YES;
				CLANG_WARN_STRICT_PROTOTYPES = YES;
				CLANG_WARN_SUSPICIOUS_MOVE = YES;
				CLANG_WARN_UNGUARDED_AVAILABILITY = YES_AGGRESSIVE;
				CLANG_WARN_UNREACHABLE_CODE = YES;
				CLANG_WARN__DUPLICATE_METHOD_MATCH = YES;
				COPY_PHASE_STRIP = NO;
				DEBUG_INFORMATION_FORMAT = "dwarf-with-dsym";
				ENABLE_NS_ASSERTIONS = NO;
				ENABLE_STRICT_OBJC_MSGSEND = YES;
				GCC_C_LANGUAGE_STANDARD = gnu11;
				GCC_NO_COMMON_BLOCKS = YES;
				GCC_WARN_64_TO_32_BIT_CONVERSION = YES;
				GCC_WARN_ABOUT_RETURN_TYPE = YES_ERROR;
				GCC_WARN_UNDECLARED_SELECTOR = YES;
				GCC_WARN_UNINITIALIZED_AUTOS = YES_AGGRESSIVE;
				GCC_WARN_UNUSED_FUNCTION = YES;
				GCC_WARN_UNUSED_VARIABLE = YES;
				IPHONEOS_DEPLOYMENT_TARGET = 12.0;
				MTL_ENABLE_DEBUG_INFO = NO;
				MTL_FAST_MATH = YES;
				SDKROOT = iphoneos;
				SWIFT_COMPILATION_MODE = wholemodule;
				SWIFT_OPTIMIZATION_LEVEL = "-O";
				VALIDATE_PRODUCT = YES;
			};
			name = Release;
		};
		19D1448129950EEB00E45916 /* Debug */ = {
			isa = XCBuildConfiguration;
			baseConfigurationReference = D3A5217370FF2D5E9AFEB691 /* Pods-rit-test.debug.xcconfig */;
			buildSettings = {
				ASSETCATALOG_COMPILER_APPICON_NAME = AppIcon;
				ASSETCATALOG_COMPILER_GLOBAL_ACCENT_COLOR_NAME = AccentColor;
				CODE_SIGN_STYLE = Automatic;
				CURRENT_PROJECT_VERSION = 1;
				DEVELOPMENT_TEAM = DWMS2L392A;
				GENERATE_INFOPLIST_FILE = YES;
				INFOPLIST_FILE = "rit-test/Info.plist";
				INFOPLIST_KEY_LSApplicationCategoryType = "";
				INFOPLIST_KEY_NSLocationWhenInUseUsageDescription = "Your locations is needed to track weather and your speed";
				INFOPLIST_KEY_UIApplicationSupportsIndirectInputEvents = YES;
				INFOPLIST_KEY_UILaunchStoryboardName = LaunchScreen;
				INFOPLIST_KEY_UIMainStoryboardFile = Main;
				INFOPLIST_KEY_UISupportedInterfaceOrientations = UIInterfaceOrientationPortrait;
				IPHONEOS_DEPLOYMENT_TARGET = 12.0;
				LD_RUNPATH_SEARCH_PATHS = (
					"$(inherited)",
					"@executable_path/Frameworks",
				);
				MARKETING_VERSION = 1.0;
				PRODUCT_BUNDLE_IDENTIFIER = "antonchushialov.rit-test";
				PRODUCT_NAME = "$(TARGET_NAME)";
				SWIFT_EMIT_LOC_STRINGS = YES;
				SWIFT_VERSION = 5.0;
				TARGETED_DEVICE_FAMILY = "1,2";
			};
			name = Debug;
		};
		19D1448229950EEB00E45916 /* Release */ = {
			isa = XCBuildConfiguration;
			baseConfigurationReference = EEB27FD2D30C9D66F468E47F /* Pods-rit-test.release.xcconfig */;
			buildSettings = {
				ASSETCATALOG_COMPILER_APPICON_NAME = AppIcon;
				ASSETCATALOG_COMPILER_GLOBAL_ACCENT_COLOR_NAME = AccentColor;
				CODE_SIGN_STYLE = Automatic;
				CURRENT_PROJECT_VERSION = 1;
				DEVELOPMENT_TEAM = DWMS2L392A;
				GENERATE_INFOPLIST_FILE = YES;
				INFOPLIST_FILE = "rit-test/Info.plist";
				INFOPLIST_KEY_LSApplicationCategoryType = "";
				INFOPLIST_KEY_NSLocationWhenInUseUsageDescription = "Your locations is needed to track weather and your speed";
				INFOPLIST_KEY_UIApplicationSupportsIndirectInputEvents = YES;
				INFOPLIST_KEY_UILaunchStoryboardName = LaunchScreen;
				INFOPLIST_KEY_UIMainStoryboardFile = Main;
				INFOPLIST_KEY_UISupportedInterfaceOrientations = UIInterfaceOrientationPortrait;
				IPHONEOS_DEPLOYMENT_TARGET = 12.0;
				LD_RUNPATH_SEARCH_PATHS = (
					"$(inherited)",
					"@executable_path/Frameworks",
				);
				MARKETING_VERSION = 1.0;
				PRODUCT_BUNDLE_IDENTIFIER = "antonchushialov.rit-test";
				PRODUCT_NAME = "$(TARGET_NAME)";
				SWIFT_EMIT_LOC_STRINGS = YES;
				SWIFT_VERSION = 5.0;
				TARGETED_DEVICE_FAMILY = "1,2";
			};
			name = Release;
		};
/* End XCBuildConfiguration section */

/* Begin XCConfigurationList section */
		19D1446729950EEA00E45916 /* Build configuration list for PBXProject "rit-test" */ = {
			isa = XCConfigurationList;
			buildConfigurations = (
				19D1447E29950EEB00E45916 /* Debug */,
				19D1447F29950EEB00E45916 /* Release */,
			);
			defaultConfigurationIsVisible = 0;
			defaultConfigurationName = Release;
		};
		19D1448029950EEB00E45916 /* Build configuration list for PBXNativeTarget "rit-test" */ = {
			isa = XCConfigurationList;
			buildConfigurations = (
				19D1448129950EEB00E45916 /* Debug */,
				19D1448229950EEB00E45916 /* Release */,
			);
			defaultConfigurationIsVisible = 0;
			defaultConfigurationName = Release;
		};
/* End XCConfigurationList section */
	};
	rootObject = 19D1446429950EEA00E45916 /* Project object */;
}
